
Microsoft Visual Studio Solution File, Format Version 12.00
Project("{FAE04EC0-301F-11D3-BF4B-00C04F79EFBC}") = "BlazorHostedExample.Server", "BlazorHostedExample\Server\BlazorHostedExample.Server.csproj", "{436EE081-4B3B-41E1-B79B-D54E77F35AFB}"
EndProject
Project("{FAE04EC0-301F-11D3-BF4B-00C04F79EFBC}") = "BlazorHostedExample.Client", "BlazorHostedExample\Client\BlazorHostedExample.Client.csproj", "{62997C5B-0690-4553-9BD1-983CBB3369BE}"
EndProject
Project("{FAE04EC0-301F-11D3-BF4B-00C04F79EFBC}") = "BlazorHostedExample.Shared", "BlazorHostedExample\Shared\BlazorHostedExample.Shared.csproj", "{5420A4F9-0962-4587-BDF1-FE4B3FBF076C}"
EndProject
Global
	GlobalSection(SolutionConfigurationPlatforms) = preSolution
		Debug|Any CPU = Debug|Any CPU
		Release|Any CPU = Release|Any CPU
	EndGlobalSection
	GlobalSection(ProjectConfigurationPlatforms) = postSolution
		{436EE081-4B3B-41E1-B79B-D54E77F35AFB}.Debug|Any CPU.ActiveCfg = Debug|Any CPU
		{436EE081-4B3B-41E1-B79B-D54E77F35AFB}.Debug|Any CPU.Build.0 = Debug|Any CPU
		{436EE081-4B3B-41E1-B79B-D54E77F35AFB}.Release|Any CPU.ActiveCfg = Release|Any CPU
		{436EE081-4B3B-41E1-B79B-D54E77F35AFB}.Release|Any CPU.Build.0 = Release|Any CPU
		{62997C5B-0690-4553-9BD1-983CBB3369BE}.Debug|Any CPU.ActiveCfg = Debug|Any CPU
		{62997C5B-0690-4553-9BD1-983CBB3369BE}.Debug|Any CPU.Build.0 = Debug|Any CPU
		{62997C5B-0690-4553-9BD1-983CBB3369BE}.Release|Any CPU.ActiveCfg = Release|Any CPU
		{62997C5B-0690-4553-9BD1-983CBB3369BE}.Release|Any CPU.Build.0 = Release|Any CPU
		{5420A4F9-0962-4587-BDF1-FE4B3FBF076C}.Debug|Any CPU.ActiveCfg = Debug|Any CPU
		{5420A4F9-0962-4587-BDF1-FE4B3FBF076C}.Debug|Any CPU.Build.0 = Debug|Any CPU
		{5420A4F9-0962-4587-BDF1-FE4B3FBF076C}.Release|Any CPU.ActiveCfg = Release|Any CPU
		{5420A4F9-0962-4587-BDF1-FE4B3FBF076C}.Release|Any CPU.Build.0 = Release|Any CPU
	EndGlobalSection
EndGlobal
